// !$*UTF8*$!
{
	archiveVersion = 1;
	classes = {
	};
	objectVersion = 46;
	objects = {

/* Begin PBXBuildFile section */
		D170586A19A71BB300BB3F8E /* AppDelegate.swift in Sources */ = {isa = PBXBuildFile; fileRef = D170586919A71BB300BB3F8E /* AppDelegate.swift */; };
		D170586D19A71BB300BB3F8E /* MindGames.xcdatamodeld in Sources */ = {isa = PBXBuildFile; fileRef = D170586B19A71BB300BB3F8E /* MindGames.xcdatamodeld */; };
		D170586F19A71BB300BB3F8E /* ViewController.swift in Sources */ = {isa = PBXBuildFile; fileRef = D170586E19A71BB300BB3F8E /* ViewController.swift */; };
		D170587219A71BB300BB3F8E /* Main.storyboard in Resources */ = {isa = PBXBuildFile; fileRef = D170587019A71BB300BB3F8E /* Main.storyboard */; };
		D170587419A71BB300BB3F8E /* Images.xcassets in Resources */ = {isa = PBXBuildFile; fileRef = D170587319A71BB300BB3F8E /* Images.xcassets */; };
		D170588019A71BB300BB3F8E /* MindGamesTests.swift in Sources */ = {isa = PBXBuildFile; fileRef = D170587F19A71BB300BB3F8E /* MindGamesTests.swift */; };
/* End PBXBuildFile section */

/* Begin PBXContainerItemProxy section */
		D170587A19A71BB300BB3F8E /* PBXContainerItemProxy */ = {
			isa = PBXContainerItemProxy;
			containerPortal = D170585C19A71BB300BB3F8E /* Project object */;
			proxyType = 1;
			remoteGlobalIDString = D170586319A71BB300BB3F8E;
			remoteInfo = MindGames;
		};
/* End PBXContainerItemProxy section */

/* Begin PBXFileReference section */
		D170586419A71BB300BB3F8E /* MindGames.app */ = {isa = PBXFileReference; explicitFileType = wrapper.application; includeInIndex = 0; path = MindGames.app; sourceTree = BUILT_PRODUCTS_DIR; };
		D170586819A71BB300BB3F8E /* Info.plist */ = {isa = PBXFileReference; lastKnownFileType = text.plist.xml; path = Info.plist; sourceTree = "<group>"; };
		D170586919A71BB300BB3F8E /* AppDelegate.swift */ = {isa = PBXFileReference; lastKnownFileType = sourcecode.swift; path = AppDelegate.swift; sourceTree = "<group>"; };
		D170586C19A71BB300BB3F8E /* MindGames.xcdatamodel */ = {isa = PBXFileReference; lastKnownFileType = wrapper.xcdatamodel; path = MindGames.xcdatamodel; sourceTree = "<group>"; };
		D170586E19A71BB300BB3F8E /* ViewController.swift */ = {isa = PBXFileReference; lastKnownFileType = sourcecode.swift; path = ViewController.swift; sourceTree = "<group>"; };
		D170587119A71BB300BB3F8E /* Base */ = {isa = PBXFileReference; lastKnownFileType = file.storyboard; name = Base; path = Base.lproj/Main.storyboard; sourceTree = "<group>"; };
		D170587319A71BB300BB3F8E /* Images.xcassets */ = {isa = PBXFileReference; lastKnownFileType = folder.assetcatalog; path = Images.xcassets; sourceTree = "<group>"; };
		D170587919A71BB300BB3F8E /* MindGamesTests.xctest */ = {isa = PBXFileReference; explicitFileType = wrapper.cfbundle; includeInIndex = 0; path = MindGamesTests.xctest; sourceTree = BUILT_PRODUCTS_DIR; };
		D170587E19A71BB300BB3F8E /* Info.plist */ = {isa = PBXFileReference; lastKnownFileType = text.plist.xml; path = Info.plist; sourceTree = "<group>"; };
		D170587F19A71BB300BB3F8E /* MindGamesTests.swift */ = {isa = PBXFileReference; lastKnownFileType = sourcecode.swift; path = MindGamesTests.swift; sourceTree = "<group>"; };
/* End PBXFileReference section */

/* Begin PBXFrameworksBuildPhase section */
		D170586119A71BB300BB3F8E /* Frameworks */ = {
			isa = PBXFrameworksBuildPhase;
			buildActionMask = 2147483647;
			files = (
			);
			runOnlyForDeploymentPostprocessing = 0;
		};
		D170587619A71BB300BB3F8E /* Frameworks */ = {
			isa = PBXFrameworksBuildPhase;
			buildActionMask = 2147483647;
			files = (
			);
			runOnlyForDeploymentPostprocessing = 0;
		};
/* End PBXFrameworksBuildPhase section */

/* Begin PBXGroup section */
		D170585B19A71BB300BB3F8E = {
			isa = PBXGroup;
			children = (
				D170586619A71BB300BB3F8E /* MindGames */,
				D170587C19A71BB300BB3F8E /* MindGamesTests */,
				D170586519A71BB300BB3F8E /* Products */,
			);
			sourceTree = "<group>";
		};
		D170586519A71BB300BB3F8E /* Products */ = {
			isa = PBXGroup;
			children = (
				D170586419A71BB300BB3F8E /* MindGames.app */,
				D170587919A71BB300BB3F8E /* MindGamesTests.xctest */,
			);
			name = Products;
			sourceTree = "<group>";
		};
		D170586619A71BB300BB3F8E /* MindGames */ = {
			isa = PBXGroup;
			children = (
				D170586919A71BB300BB3F8E /* AppDelegate.swift */,
				D170586E19A71BB300BB3F8E /* ViewController.swift */,
				D170587019A71BB300BB3F8E /* Main.storyboard */,
				D170587319A71BB300BB3F8E /* Images.xcassets */,
				D170586B19A71BB300BB3F8E /* MindGames.xcdatamodeld */,
				D170586719A71BB300BB3F8E /* Supporting Files */,
			);
			path = MindGames;
			sourceTree = "<group>";
		};
		D170586719A71BB300BB3F8E /* Supporting Files */ = {
			isa = PBXGroup;
			children = (
				D170586819A71BB300BB3F8E /* Info.plist */,
			);
			name = "Supporting Files";
			sourceTree = "<group>";
		};
		D170587C19A71BB300BB3F8E /* MindGamesTests */ = {
			isa = PBXGroup;
			children = (
				D170587F19A71BB300BB3F8E /* MindGamesTests.swift */,
				D170587D19A71BB300BB3F8E /* Supporting Files */,
			);
			path = MindGamesTests;
			sourceTree = "<group>";
		};
		D170587D19A71BB300BB3F8E /* Supporting Files */ = {
			isa = PBXGroup;
			children = (
				D170587E19A71BB300BB3F8E /* Info.plist */,
			);
			name = "Supporting Files";
			sourceTree = "<group>";
		};
/* End PBXGroup section */

/* Begin PBXNativeTarget section */
		D170586319A71BB300BB3F8E /* MindGames */ = {
			isa = PBXNativeTarget;
			buildConfigurationList = D170588319A71BB300BB3F8E /* Build configuration list for PBXNativeTarget "MindGames" */;
			buildPhases = (
				D170586019A71BB300BB3F8E /* Sources */,
				D170586119A71BB300BB3F8E /* Frameworks */,
				D170586219A71BB300BB3F8E /* Resources */,
			);
			buildRules = (
			);
			dependencies = (
			);
			name = MindGames;
			productName = MindGames;
			productReference = D170586419A71BB300BB3F8E /* MindGames.app */;
			productType = "com.apple.product-type.application";
		};
		D170587819A71BB300BB3F8E /* MindGamesTests */ = {
			isa = PBXNativeTarget;
			buildConfigurationList = D170588619A71BB300BB3F8E /* Build configuration list for PBXNativeTarget "MindGamesTests" */;
			buildPhases = (
				D170587519A71BB300BB3F8E /* Sources */,
				D170587619A71BB300BB3F8E /* Frameworks */,
				D170587719A71BB300BB3F8E /* Resources */,
			);
			buildRules = (
			);
			dependencies = (
				D170587B19A71BB300BB3F8E /* PBXTargetDependency */,
			);
			name = MindGamesTests;
			productName = MindGamesTests;
			productReference = D170587919A71BB300BB3F8E /* MindGamesTests.xctest */;
			productType = "com.apple.product-type.bundle.unit-test";
		};
/* End PBXNativeTarget section */

/* Begin PBXProject section */
		D170585C19A71BB300BB3F8E /* Project object */ = {
			isa = PBXProject;
			attributes = {
				LastUpgradeCheck = 0600;
				ORGANIZATIONNAME = "Furqan Zafar";
				TargetAttributes = {
					D170586319A71BB300BB3F8E = {
						CreatedOnToolsVersion = 6.0;
					};
					D170587819A71BB300BB3F8E = {
						CreatedOnToolsVersion = 6.0;
						TestTargetID = D170586319A71BB300BB3F8E;
					};
				};
			};
			buildConfigurationList = D170585F19A71BB300BB3F8E /* Build configuration list for PBXProject "MindGames" */;
			compatibilityVersion = "Xcode 3.2";
			developmentRegion = English;
			hasScannedForEncodings = 0;
			knownRegions = (
				en,
				Base,
			);
			mainGroup = D170585B19A71BB300BB3F8E;
			productRefGroup = D170586519A71BB300BB3F8E /* Products */;
			projectDirPath = "";
			projectRoot = "";
			targets = (
				D170586319A71BB300BB3F8E /* MindGames */,
				D170587819A71BB300BB3F8E /* MindGamesTests */,
			);
		};
/* End PBXProject section */

/* Begin PBXResourcesBuildPhase section */
		D170586219A71BB300BB3F8E /* Resources */ = {
			isa = PBXResourcesBuildPhase;
			buildActionMask = 2147483647;
			files = (
				D170587219A71BB300BB3F8E /* Main.storyboard in Resources */,
				D170587419A71BB300BB3F8E /* Images.xcassets in Resources */,
			);
			runOnlyForDeploymentPostprocessing = 0;
		};
		D170587719A71BB300BB3F8E /* Resources */ = {
			isa = PBXResourcesBuildPhase;
			buildActionMask = 2147483647;
			files = (
			);
			runOnlyForDeploymentPostprocessing = 0;
		};
/* End PBXResourcesBuildPhase section */

/* Begin PBXSourcesBuildPhase section */
		D170586019A71BB300BB3F8E /* Sources */ = {
			isa = PBXSourcesBuildPhase;
			buildActionMask = 2147483647;
			files = (
				D170586F19A71BB300BB3F8E /* ViewController.swift in Sources */,
				D170586A19A71BB300BB3F8E /* AppDelegate.swift in Sources */,
				D170586D19A71BB300BB3F8E /* MindGames.xcdatamodeld in Sources */,
			);
			runOnlyForDeploymentPostprocessing = 0;
		};
		D170587519A71BB300BB3F8E /* Sources */ = {
			isa = PBXSourcesBuildPhase;
			buildActionMask = 2147483647;
			files = (
				D170588019A71BB300BB3F8E /* MindGamesTests.swift in Sources */,
			);
			runOnlyForDeploymentPostprocessing = 0;
		};
/* End PBXSourcesBuildPhase section */

/* Begin PBXTargetDependency section */
		D170587B19A71BB300BB3F8E /* PBXTargetDependency */ = {
			isa = PBXTargetDependency;
			target = D170586319A71BB300BB3F8E /* MindGames */;
			targetProxy = D170587A19A71BB300BB3F8E /* PBXContainerItemProxy */;
		};
/* End PBXTargetDependency section */

/* Begin PBXVariantGroup section */
		D170587019A71BB300BB3F8E /* Main.storyboard */ = {
			isa = PBXVariantGroup;
			children = (
				D170587119A71BB300BB3F8E /* Base */,
			);
			name = Main.storyboard;
			sourceTree = "<group>";
		};
/* End PBXVariantGroup section */

/* Begin XCBuildConfiguration section */
		D170588119A71BB300BB3F8E /* Debug */ = {
			isa = XCBuildConfiguration;
			buildSettings = {
				ALWAYS_SEARCH_USER_PATHS = NO;
				CLANG_CXX_LANGUAGE_STANDARD = "gnu++0x";
				CLANG_CXX_LIBRARY = "libc++";
				CLANG_ENABLE_MODULES = YES;
				CLANG_ENABLE_OBJC_ARC = YES;
				CLANG_WARN_BOOL_CONVERSION = YES;
				CLANG_WARN_CONSTANT_CONVERSION = YES;
				CLANG_WARN_DIRECT_OBJC_ISA_USAGE = YES_ERROR;
				CLANG_WARN_EMPTY_BODY = YES;
				CLANG_WARN_ENUM_CONVERSION = YES;
				CLANG_WARN_INT_CONVERSION = YES;
				CLANG_WARN_OBJC_ROOT_CLASS = YES_ERROR;
				CLANG_WARN_UNREACHABLE_CODE = YES;
				CLANG_WARN__DUPLICATE_METHOD_MATCH = YES;
				"CODE_SIGN_IDENTITY[sdk=iphoneos*]" = "iPhone Developer";
				COPY_PHASE_STRIP = NO;
				ENABLE_STRICT_OBJC_MSGSEND = YES;
				GCC_C_LANGUAGE_STANDARD = gnu99;
				GCC_DYNAMIC_NO_PIC = NO;
				GCC_OPTIMIZATION_LEVEL = 0;
				GCC_PREPROCESSOR_DEFINITIONS = (
					"DEBUG=1",
					"$(inherited)",
				);
				GCC_SYMBOLS_PRIVATE_EXTERN = NO;
				GCC_WARN_64_TO_32_BIT_CONVERSION = YES;
				GCC_WARN_ABOUT_RETURN_TYPE = YES_ERROR;
				GCC_WARN_UNDECLARED_SELECTOR = YES;
				GCC_WARN_UNINITIALIZED_AUTOS = YES_AGGRESSIVE;
				GCC_WARN_UNUSED_FUNCTION = YES;
				GCC_WARN_UNUSED_VARIABLE = YES;
				IPHONEOS_DEPLOYMENT_TARGET = 8.0;
				MTL_ENABLE_DEBUG_INFO = YES;
				ONLY_ACTIVE_ARCH = YES;
				SDKROOT = iphoneos;
				SWIFT_OPTIMIZATION_LEVEL = "-Onone";
			};
			name = Debug;
		};
		D170588219A71BB300BB3F8E /* Release */ = {
			isa = XCBuildConfiguration;
			buildSettings = {
				ALWAYS_SEARCH_USER_PATHS = NO;
				CLANG_CXX_LANGUAGE_STANDARD = "gnu++0x";
				CLANG_CXX_LIBRARY = "libc++";
				CLANG_ENABLE_MODULES = YES;
				CLANG_ENABLE_OBJC_ARC = YES;
				CLANG_WARN_BOOL_CONVERSION = YES;
				CLANG_WARN_CONSTANT_CONVERSION = YES;
				CLANG_WARN_DIRECT_OBJC_ISA_USAGE = YES_ERROR;
				CLANG_WARN_EMPTY_BODY = YES;
				CLANG_WARN_ENUM_CONVERSION = YES;
				CLANG_WARN_INT_CONVERSION = YES;
				CLANG_WARN_OBJC_ROOT_CLASS = YES_ERROR;
				CLANG_WARN_UNREACHABLE_CODE = YES;
				CLANG_WARN__DUPLICATE_METHOD_MATCH = YES;
				"CODE_SIGN_IDENTITY[sdk=iphoneos*]" = "iPhone Developer";
				COPY_PHASE_STRIP = YES;
				ENABLE_NS_ASSERTIONS = NO;
				ENABLE_STRICT_OBJC_MSGSEND = YES;
				GCC_C_LANGUAGE_STANDARD = gnu99;
				GCC_WARN_64_TO_32_BIT_CONVERSION = YES;
				GCC_WARN_ABOUT_RETURN_TYPE = YES_ERROR;
				GCC_WARN_UNDECLARED_SELECTOR = YES;
				GCC_WARN_UNINITIALIZED_AUTOS = YES_AGGRESSIVE;
				GCC_WARN_UNUSED_FUNCTION = YES;
				GCC_WARN_UNUSED_VARIABLE = YES;
				IPHONEOS_DEPLOYMENT_TARGET = 8.0;
				MTL_ENABLE_DEBUG_INFO = NO;
				SDKROOT = iphoneos;
				VALIDATE_PRODUCT = YES;
			};
			name = Release;
		};
		D170588419A71BB300BB3F8E /* Debug */ = {
			isa = XCBuildConfiguration;
			buildSettings = {
				ASSETCATALOG_COMPILER_APPICON_NAME = AppIcon;
				ASSETCATALOG_COMPILER_LAUNCHIMAGE_NAME = LaunchImage;
				INFOPLIST_FILE = MindGames/Info.plist;
				IPHONEOS_DEPLOYMENT_TARGET = 7.0;
				LD_RUNPATH_SEARCH_PATHS = "$(inherited) @executable_path/Frameworks";
				PRODUCT_NAME = "$(TARGET_NAME)";
				TARGETED_DEVICE_FAMILY = 1;
			};
			name = Debug;
		};
		D170588519A71BB300BB3F8E /* Release */ = {
			isa = XCBuildConfiguration;
			buildSettings = {
				ASSETCATALOG_COMPILER_APPICON_NAME = AppIcon;
				ASSETCATALOG_COMPILER_LAUNCHIMAGE_NAME = LaunchImage;
				INFOPLIST_FILE = MindGames/Info.plist;
				IPHONEOS_DEPLOYMENT_TARGET = 7.0;
				LD_RUNPATH_SEARCH_PATHS = "$(inherited) @executable_path/Frameworks";
				PRODUCT_NAME = "$(TARGET_NAME)";
				TARGETED_DEVICE_FAMILY = 1;
			};
			name = Release;
		};
		D170588719A71BB300BB3F8E /* Debug */ = {
			isa = XCBuildConfiguration;
			buildSettings = {
				BUNDLE_LOADER = "$(TEST_HOST)";
				FRAMEWORK_SEARCH_PATHS = (
					"$(SDKROOT)/Developer/Library/Frameworks",
					"$(inherited)",
				);
				GCC_PREPROCESSOR_DEFINITIONS = (
					"DEBUG=1",
					"$(inherited)",
				);
				INFOPLIST_FILE = MindGamesTests/Info.plist;
				LD_RUNPATH_SEARCH_PATHS = "$(inherited) @executable_path/Frameworks @loader_path/Frameworks";
				PRODUCT_NAME = "$(TARGET_NAME)";
				TEST_HOST = "$(BUILT_PRODUCTS_DIR)/MindGames.app/MindGames";
			};
			name = Debug;
		};
		D170588819A71BB300BB3F8E /* Release */ = {
			isa = XCBuildConfiguration;
			buildSettings = {
				BUNDLE_LOADER = "$(TEST_HOST)";
				FRAMEWORK_SEARCH_PATHS = (
					"$(SDKROOT)/Developer/Library/Frameworks",
					"$(inherited)",
				);
				INFOPLIST_FILE = MindGamesTests/Info.plist;
				LD_RUNPATH_SEARCH_PATHS = "$(inherited) @executable_path/Frameworks @loader_path/Frameworks";
				PRODUCT_NAME = "$(TARGET_NAME)";
				TEST_HOST = "$(BUILT_PRODUCTS_DIR)/MindGames.app/MindGames";
			};
			name = Release;
		};
/* End XCBuildConfiguration section */

/* Begin XCConfigurationList section */
		D170585F19A71BB300BB3F8E /* Build configuration list for PBXProject "MindGames" */ = {
			isa = XCConfigurationList;
			buildConfigurations = (
				D170588119A71BB300BB3F8E /* Debug */,
				D170588219A71BB300BB3F8E /* Release */,
			);
			defaultConfigurationIsVisible = 0;
			defaultConfigurationName = Release;
		};
		D170588319A71BB300BB3F8E /* Build configuration list for PBXNativeTarget "MindGames" */ = {
			isa = XCConfigurationList;
			buildConfigurations = (
				D170588419A71BB300BB3F8E /* Debug */,
				D170588519A71BB300BB3F8E /* Release */,
			);
			defaultConfigurationIsVisible = 0;
			defaultConfigurationName = Release;
		};
		D170588619A71BB300BB3F8E /* Build configuration list for PBXNativeTarget "MindGamesTests" */ = {
			isa = XCConfigurationList;
			buildConfigurations = (
				D170588719A71BB300BB3F8E /* Debug */,
				D170588819A71BB300BB3F8E /* Release */,
			);
			defaultConfigurationIsVisible = 0;
			defaultConfigurationName = Release;
		};
/* End XCConfigurationList section */

/* Begin XCVersionGroup section */
		D170586B19A71BB300BB3F8E /* MindGames.xcdatamodeld */ = {
			isa = XCVersionGroup;
			children = (
				D170586C19A71BB300BB3F8E /* MindGames.xcdatamodel */,
			);
			currentVersion = D170586C19A71BB300BB3F8E /* MindGames.xcdatamodel */;
			path = MindGames.xcdatamodeld;
			sourceTree = "<group>";
			versionGroupType = wrapper.xcdatamodel;
		};
/* End XCVersionGroup section */
	};
	rootObject = D170585C19A71BB300BB3F8E /* Project object */;
}
